
Microsoft Visual Studio Solution File, Format Version 12.00
# Visual Studio Version 16
VisualStudioVersion = 16.0.32901.82
MinimumVisualStudioVersion = 10.0.40219.1
Project("{FAE04EC0-301F-11D3-BF4B-00C04F79EFBC}") = "POD1Backend", "POD1Backend\POD1Backend.csproj", "{1E468BBA-0FC7-4E8B-9D67-1458912B5E71}"
EndProject
Global
	GlobalSection(SolutionConfigurationPlatforms) = preSolution
		Debug|Any CPU = Debug|Any CPU
		Release|Any CPU = Release|Any CPU
	EndGlobalSection
	GlobalSection(ProjectConfigurationPlatforms) = postSolution
		{1E468BBA-0FC7-4E8B-9D67-1458912B5E71}.Debug|Any CPU.ActiveCfg = Debug|Any CPU
		{1E468BBA-0FC7-4E8B-9D67-1458912B5E71}.Debug|Any CPU.Build.0 = Debug|Any CPU
		{1E468BBA-0FC7-4E8B-9D67-1458912B5E71}.Release|Any CPU.ActiveCfg = Release|Any CPU
		{1E468BBA-0FC7-4E8B-9D67-1458912B5E71}.Release|Any CPU.Build.0 = Release|Any CPU
	EndGlobalSection
	GlobalSection(SolutionProperties) = preSolution
		HideSolutionNode = FALSE
	EndGlobalSection
	GlobalSection(ExtensibilityGlobals) = postSolution
		SolutionGuid = {04ACD58A-BB5D-4B7F-84D1-6B36953489AD}
	EndGlobalSection
EndGlobal
